{
  "name": "wukong-protractor",
  "version": "1.0.0",
  "lockfileVersion": 3,
  "requires": true,
  "packages": {
    "": {
      "name": "wukong-protractor",
      "version": "1.0.0",
      "license": "ISC",
      "dependencies": {
        "@rechardguo/wukong": "1.0.3"
      }
    },
    "node_modules/@rechardguo/wukong": {
      "version": "1.0.3",
      "resolved": "https://registry.npmjs.org/@rechardguo/wukong/-/wukong-1.0.3.tgz",
      "integrity": "sha512-GQ787Hpt88+qSY/vTKPtUxqLYwI3LHn0zAzupnIv9IS08xjARZvpUaYUABFvPH/Mky62YzYVkqgNBB3saL3yQA==",
      "license": "ISC"
    }
  }
}
